// !$*UTF8*$!
{
	archiveVersion = 1;
	classes = {
	};
	objectVersion = 50;
	objects = {

/* Begin PBXBuildFile section */
		F7816388259B0F3A0088ADC1 /* MainTabBarController.m in Sources */ = {isa = PBXBuildFile; fileRef = F7816387259B0F3A0088ADC1 /* MainTabBarController.m */; };
		F781638C259B0FF10088ADC1 /* UserHomeViewController.m in Sources */ = {isa = PBXBuildFile; fileRef = F781638B259B0FF10088ADC1 /* UserHomeViewController.m */; };
		F7816390259B100D0088ADC1 /* NewsHomeViewController.m in Sources */ = {isa = PBXBuildFile; fileRef = F781638F259B100D0088ADC1 /* NewsHomeViewController.m */; };
		F7D9DE9925970CDC0033EF76 /* AppDelegate.m in Sources */ = {isa = PBXBuildFile; fileRef = F7D9DE9825970CDC0033EF76 /* AppDelegate.m */; };
		F7D9DEA225970CDC0033EF76 /* Main.storyboard in Resources */ = {isa = PBXBuildFile; fileRef = F7D9DEA025970CDC0033EF76 /* Main.storyboard */; };
		F7D9DEA425970CE00033EF76 /* Assets.xcassets in Resources */ = {isa = PBXBuildFile; fileRef = F7D9DEA325970CE00033EF76 /* Assets.xcassets */; };
		F7D9DEA725970CE00033EF76 /* LaunchScreen.storyboard in Resources */ = {isa = PBXBuildFile; fileRef = F7D9DEA525970CE00033EF76 /* LaunchScreen.storyboard */; };
		F7D9DEAA25970CE00033EF76 /* main.m in Sources */ = {isa = PBXBuildFile; fileRef = F7D9DEA925970CE00033EF76 /* main.m */; };
		F7D9DEB625970E5E0033EF76 /* YLRouterConfig.m in Sources */ = {isa = PBXBuildFile; fileRef = F7D9DEB525970E5E0033EF76 /* YLRouterConfig.m */; };
		F7D9DEBA25970E960033EF76 /* YLRouterService.m in Sources */ = {isa = PBXBuildFile; fileRef = F7D9DEB925970E960033EF76 /* YLRouterService.m */; };
		F7D9DEBF259714840033EF76 /* YLWebViewController.m in Sources */ = {isa = PBXBuildFile; fileRef = F7D9DEBE259714840033EF76 /* YLWebViewController.m */; };
		F7D9DFB1259740BA0033EF76 /* Data.txt in Resources */ = {isa = PBXBuildFile; fileRef = F7D9DFB0259740BA0033EF76 /* Data.txt */; };
/* End PBXBuildFile section */

/* Begin PBXFileReference section */
		F7816386259B0F3A0088ADC1 /* MainTabBarController.h */ = {isa = PBXFileReference; lastKnownFileType = sourcecode.c.h; path = MainTabBarController.h; sourceTree = "<group>"; };
		F7816387259B0F3A0088ADC1 /* MainTabBarController.m */ = {isa = PBXFileReference; lastKnownFileType = sourcecode.c.objc; path = MainTabBarController.m; sourceTree = "<group>"; };
		F781638A259B0FF10088ADC1 /* UserHomeViewController.h */ = {isa = PBXFileReference; lastKnownFileType = sourcecode.c.h; path = UserHomeViewController.h; sourceTree = "<group>"; };
		F781638B259B0FF10088ADC1 /* UserHomeViewController.m */ = {isa = PBXFileReference; lastKnownFileType = sourcecode.c.objc; path = UserHomeViewController.m; sourceTree = "<group>"; };
		F781638E259B100D0088ADC1 /* NewsHomeViewController.h */ = {isa = PBXFileReference; lastKnownFileType = sourcecode.c.h; path = NewsHomeViewController.h; sourceTree = "<group>"; };
		F781638F259B100D0088ADC1 /* NewsHomeViewController.m */ = {isa = PBXFileReference; lastKnownFileType = sourcecode.c.objc; path = NewsHomeViewController.m; sourceTree = "<group>"; };
		F7816393259B150C0088ADC1 /* PrefixHeader.pch */ = {isa = PBXFileReference; lastKnownFileType = sourcecode.c.h; path = PrefixHeader.pch; sourceTree = "<group>"; };
		F7D9DE9425970CDC0033EF76 /* YLRouterMainApp.app */ = {isa = PBXFileReference; explicitFileType = wrapper.application; includeInIndex = 0; path = YLRouterMainApp.app; sourceTree = BUILT_PRODUCTS_DIR; };
		F7D9DE9725970CDC0033EF76 /* AppDelegate.h */ = {isa = PBXFileReference; lastKnownFileType = sourcecode.c.h; path = AppDelegate.h; sourceTree = "<group>"; };
		F7D9DE9825970CDC0033EF76 /* AppDelegate.m */ = {isa = PBXFileReference; lastKnownFileType = sourcecode.c.objc; path = AppDelegate.m; sourceTree = "<group>"; };
		F7D9DEA125970CDC0033EF76 /* Base */ = {isa = PBXFileReference; lastKnownFileType = file.storyboard; name = Base; path = Base.lproj/Main.storyboard; sourceTree = "<group>"; };
		F7D9DEA325970CE00033EF76 /* Assets.xcassets */ = {isa = PBXFileReference; lastKnownFileType = folder.assetcatalog; path = Assets.xcassets; sourceTree = "<group>"; };
		F7D9DEA625970CE00033EF76 /* Base */ = {isa = PBXFileReference; lastKnownFileType = file.storyboard; name = Base; path = Base.lproj/LaunchScreen.storyboard; sourceTree = "<group>"; };
		F7D9DEA825970CE00033EF76 /* Info.plist */ = {isa = PBXFileReference; lastKnownFileType = text.plist.xml; path = Info.plist; sourceTree = "<group>"; };
		F7D9DEA925970CE00033EF76 /* main.m */ = {isa = PBXFileReference; lastKnownFileType = sourcecode.c.objc; path = main.m; sourceTree = "<group>"; };
		F7D9DEB425970E5E0033EF76 /* YLRouterConfig.h */ = {isa = PBXFileReference; lastKnownFileType = sourcecode.c.h; path = YLRouterConfig.h; sourceTree = "<group>"; };
		F7D9DEB525970E5E0033EF76 /* YLRouterConfig.m */ = {isa = PBXFileReference; lastKnownFileType = sourcecode.c.objc; path = YLRouterConfig.m; sourceTree = "<group>"; };
		F7D9DEB825970E960033EF76 /* YLRouterService.h */ = {isa = PBXFileReference; lastKnownFileType = sourcecode.c.h; path = YLRouterService.h; sourceTree = "<group>"; };
		F7D9DEB925970E960033EF76 /* YLRouterService.m */ = {isa = PBXFileReference; lastKnownFileType = sourcecode.c.objc; path = YLRouterService.m; sourceTree = "<group>"; };
		F7D9DEBD259714840033EF76 /* YLWebViewController.h */ = {isa = PBXFileReference; lastKnownFileType = sourcecode.c.h; path = YLWebViewController.h; sourceTree = "<group>"; };
		F7D9DEBE259714840033EF76 /* YLWebViewController.m */ = {isa = PBXFileReference; lastKnownFileType = sourcecode.c.objc; path = YLWebViewController.m; sourceTree = "<group>"; };
		F7D9DFB0259740BA0033EF76 /* Data.txt */ = {isa = PBXFileReference; fileEncoding = 4; lastKnownFileType = text; path = Data.txt; sourceTree = "<group>"; };
/* End PBXFileReference section */

/* Begin PBXFrameworksBuildPhase section */
		F7D9DE9125970CDC0033EF76 /* Frameworks */ = {
			isa = PBXFrameworksBuildPhase;
			buildActionMask = 2147483647;
			files = (
			);
			runOnlyForDeploymentPostprocessing = 0;
		};
/* End PBXFrameworksBuildPhase section */

/* Begin PBXGroup section */
		F7D9DE8B25970CDC0033EF76 = {
			isa = PBXGroup;
			children = (
				F7D9DE9625970CDC0033EF76 /* YLRouterMainApp */,
				F7D9DE9525970CDC0033EF76 /* Products */,
			);
			sourceTree = "<group>";
		};
		F7D9DE9525970CDC0033EF76 /* Products */ = {
			isa = PBXGroup;
			children = (
				F7D9DE9425970CDC0033EF76 /* YLRouterMainApp.app */,
			);
			name = Products;
			sourceTree = "<group>";
		};
		F7D9DE9625970CDC0033EF76 /* YLRouterMainApp */ = {
			isa = PBXGroup;
			children = (
				F7D9DE9725970CDC0033EF76 /* AppDelegate.h */,
				F7D9DE9825970CDC0033EF76 /* AppDelegate.m */,
				F7D9DF3D2597382E0033EF76 /* MainPage */,
				F7D9DEBC2597146A0033EF76 /* DemoScene */,
				F7D9DEB225970D9F0033EF76 /* YLRouter */,
				F7D9DEA025970CDC0033EF76 /* Main.storyboard */,
				F7D9DEA325970CE00033EF76 /* Assets.xcassets */,
				F7D9DEA525970CE00033EF76 /* LaunchScreen.storyboard */,
				F7D9DEA825970CE00033EF76 /* Info.plist */,
				F7816393259B150C0088ADC1 /* PrefixHeader.pch */,
				F7D9DEA925970CE00033EF76 /* main.m */,
				F7D9DFB0259740BA0033EF76 /* Data.txt */,
			);
			path = YLRouterMainApp;
			sourceTree = "<group>";
		};
		F7D9DEB225970D9F0033EF76 /* YLRouter */ = {
			isa = PBXGroup;
			children = (
				F7D9DEB425970E5E0033EF76 /* YLRouterConfig.h */,
				F7D9DEB525970E5E0033EF76 /* YLRouterConfig.m */,
				F7D9DEB825970E960033EF76 /* YLRouterService.h */,
				F7D9DEB925970E960033EF76 /* YLRouterService.m */,
			);
			path = YLRouter;
			sourceTree = "<group>";
		};
		F7D9DEBC2597146A0033EF76 /* DemoScene */ = {
			isa = PBXGroup;
			children = (
				F7D9DEBD259714840033EF76 /* YLWebViewController.h */,
				F7D9DEBE259714840033EF76 /* YLWebViewController.m */,
			);
			path = DemoScene;
			sourceTree = "<group>";
		};
		F7D9DF3D2597382E0033EF76 /* MainPage */ = {
			isa = PBXGroup;
			children = (
				F7816386259B0F3A0088ADC1 /* MainTabBarController.h */,
				F7816387259B0F3A0088ADC1 /* MainTabBarController.m */,
				F781638A259B0FF10088ADC1 /* UserHomeViewController.h */,
				F781638B259B0FF10088ADC1 /* UserHomeViewController.m */,
				F781638E259B100D0088ADC1 /* NewsHomeViewController.h */,
				F781638F259B100D0088ADC1 /* NewsHomeViewController.m */,
			);
			path = MainPage;
			sourceTree = "<group>";
		};
/* End PBXGroup section */

/* Begin PBXNativeTarget section */
		F7D9DE9325970CDC0033EF76 /* YLRouterMainApp */ = {
			isa = PBXNativeTarget;
			buildConfigurationList = F7D9DEAD25970CE00033EF76 /* Build configuration list for PBXNativeTarget "YLRouterMainApp" */;
			buildPhases = (
				F7D9DE9025970CDC0033EF76 /* Sources */,
				F7D9DE9125970CDC0033EF76 /* Frameworks */,
				F7D9DE9225970CDC0033EF76 /* Resources */,
			);
			buildRules = (
			);
			dependencies = (
			);
			name = YLRouterMainApp;
			productName = YLRouterMainApp;
			productReference = F7D9DE9425970CDC0033EF76 /* YLRouterMainApp.app */;
			productType = "com.apple.product-type.application";
		};
/* End PBXNativeTarget section */

/* Begin PBXProject section */
		F7D9DE8C25970CDC0033EF76 /* Project object */ = {
			isa = PBXProject;
			attributes = {
				LastUpgradeCheck = 1230;
				TargetAttributes = {
					F7D9DE9325970CDC0033EF76 = {
						CreatedOnToolsVersion = 12.3;
					};
				};
			};
			buildConfigurationList = F7D9DE8F25970CDC0033EF76 /* Build configuration list for PBXProject "YLRouterMainApp" */;
			compatibilityVersion = "Xcode 9.3";
			developmentRegion = en;
			hasScannedForEncodings = 0;
			knownRegions = (
				en,
				Base,
			);
			mainGroup = F7D9DE8B25970CDC0033EF76;
			productRefGroup = F7D9DE9525970CDC0033EF76 /* Products */;
			projectDirPath = "";
			projectRoot = "";
			targets = (
				F7D9DE9325970CDC0033EF76 /* YLRouterMainApp */,
			);
		};
/* End PBXProject section */

/* Begin PBXResourcesBuildPhase section */
		F7D9DE9225970CDC0033EF76 /* Resources */ = {
			isa = PBXResourcesBuildPhase;
			buildActionMask = 2147483647;
			files = (
				F7D9DFB1259740BA0033EF76 /* Data.txt in Resources */,
				F7D9DEA725970CE00033EF76 /* LaunchScreen.storyboard in Resources */,
				F7D9DEA425970CE00033EF76 /* Assets.xcassets in Resources */,
				F7D9DEA225970CDC0033EF76 /* Main.storyboard in Resources */,
			);
			runOnlyForDeploymentPostprocessing = 0;
		};
/* End PBXResourcesBuildPhase section */

/* Begin PBXSourcesBuildPhase section */
		F7D9DE9025970CDC0033EF76 /* Sources */ = {
			isa = PBXSourcesBuildPhase;
			buildActionMask = 2147483647;
			files = (
				F7D9DEBF259714840033EF76 /* YLWebViewController.m in Sources */,
				F7816388259B0F3A0088ADC1 /* MainTabBarController.m in Sources */,
				F781638C259B0FF10088ADC1 /* UserHomeViewController.m in Sources */,
				F7D9DEBA25970E960033EF76 /* YLRouterService.m in Sources */,
				F7D9DE9925970CDC0033EF76 /* AppDelegate.m in Sources */,
				F7816390259B100D0088ADC1 /* NewsHomeViewController.m in Sources */,
				F7D9DEAA25970CE00033EF76 /* main.m in Sources */,
				F7D9DEB625970E5E0033EF76 /* YLRouterConfig.m in Sources */,
			);
			runOnlyForDeploymentPostprocessing = 0;
		};
/* End PBXSourcesBuildPhase section */

/* Begin PBXVariantGroup section */
		F7D9DEA025970CDC0033EF76 /* Main.storyboard */ = {
			isa = PBXVariantGroup;
			children = (
				F7D9DEA125970CDC0033EF76 /* Base */,
			);
			name = Main.storyboard;
			sourceTree = "<group>";
		};
		F7D9DEA525970CE00033EF76 /* LaunchScreen.storyboard */ = {
			isa = PBXVariantGroup;
			children = (
				F7D9DEA625970CE00033EF76 /* Base */,
			);
			name = LaunchScreen.storyboard;
			sourceTree = "<group>";
		};
/* End PBXVariantGroup section */

/* Begin XCBuildConfiguration section */
		F7D9DEAB25970CE00033EF76 /* Debug */ = {
			isa = XCBuildConfiguration;
			buildSettings = {
				ALWAYS_SEARCH_USER_PATHS = NO;
				CLANG_ANALYZER_NONNULL = YES;
				CLANG_ANALYZER_NUMBER_OBJECT_CONVERSION = YES_AGGRESSIVE;
				CLANG_CXX_LANGUAGE_STANDARD = "gnu++14";
				CLANG_CXX_LIBRARY = "libc++";
				CLANG_ENABLE_MODULES = YES;
				CLANG_ENABLE_OBJC_ARC = YES;
				CLANG_ENABLE_OBJC_WEAK = YES;
				CLANG_WARN_BLOCK_CAPTURE_AUTORELEASING = YES;
				CLANG_WARN_BOOL_CONVERSION = YES;
				CLANG_WARN_COMMA = YES;
				CLANG_WARN_CONSTANT_CONVERSION = YES;
				CLANG_WARN_DEPRECATED_OBJC_IMPLEMENTATIONS = YES;
				CLANG_WARN_DIRECT_OBJC_ISA_USAGE = YES_ERROR;
				CLANG_WARN_DOCUMENTATION_COMMENTS = YES;
				CLANG_WARN_EMPTY_BODY = YES;
				CLANG_WARN_ENUM_CONVERSION = YES;
				CLANG_WARN_INFINITE_RECURSION = YES;
				CLANG_WARN_INT_CONVERSION = YES;
				CLANG_WARN_NON_LITERAL_NULL_CONVERSION = YES;
				CLANG_WARN_OBJC_IMPLICIT_RETAIN_SELF = YES;
				CLANG_WARN_OBJC_LITERAL_CONVERSION = YES;
				CLANG_WARN_OBJC_ROOT_CLASS = YES_ERROR;
				CLANG_WARN_QUOTED_INCLUDE_IN_FRAMEWORK_HEADER = YES;
				CLANG_WARN_RANGE_LOOP_ANALYSIS = YES;
				CLANG_WARN_STRICT_PROTOTYPES = YES;
				CLANG_WARN_SUSPICIOUS_MOVE = YES;
				CLANG_WARN_UNGUARDED_AVAILABILITY = YES_AGGRESSIVE;
				CLANG_WARN_UNREACHABLE_CODE = YES;
				CLANG_WARN__DUPLICATE_METHOD_MATCH = YES;
				COPY_PHASE_STRIP = NO;
				DEBUG_INFORMATION_FORMAT = dwarf;
				ENABLE_STRICT_OBJC_MSGSEND = YES;
				ENABLE_TESTABILITY = YES;
				GCC_C_LANGUAGE_STANDARD = gnu11;
				GCC_DYNAMIC_NO_PIC = NO;
				GCC_NO_COMMON_BLOCKS = YES;
				GCC_OPTIMIZATION_LEVEL = 0;
				GCC_PREPROCESSOR_DEFINITIONS = (
					"DEBUG=1",
					"$(inherited)",
				);
				GCC_WARN_64_TO_32_BIT_CONVERSION = YES;
				GCC_WARN_ABOUT_RETURN_TYPE = YES_ERROR;
				GCC_WARN_UNDECLARED_SELECTOR = YES;
				GCC_WARN_UNINITIALIZED_AUTOS = YES_AGGRESSIVE;
				GCC_WARN_UNUSED_FUNCTION = YES;
				GCC_WARN_UNUSED_VARIABLE = YES;
				IPHONEOS_DEPLOYMENT_TARGET = 14.3;
				MTL_ENABLE_DEBUG_INFO = INCLUDE_SOURCE;
				MTL_FAST_MATH = YES;
				ONLY_ACTIVE_ARCH = YES;
				SDKROOT = iphoneos;
			};
			name = Debug;
		};
		F7D9DEAC25970CE00033EF76 /* Release */ = {
			isa = XCBuildConfiguration;
			buildSettings = {
				ALWAYS_SEARCH_USER_PATHS = NO;
				CLANG_ANALYZER_NONNULL = YES;
				CLANG_ANALYZER_NUMBER_OBJECT_CONVERSION = YES_AGGRESSIVE;
				CLANG_CXX_LANGUAGE_STANDARD = "gnu++14";
				CLANG_CXX_LIBRARY = "libc++";
				CLANG_ENABLE_MODULES = YES;
				CLANG_ENABLE_OBJC_ARC = YES;
				CLANG_ENABLE_OBJC_WEAK = YES;
				CLANG_WARN_BLOCK_CAPTURE_AUTORELEASING = YES;
				CLANG_WARN_BOOL_CONVERSION = YES;
				CLANG_WARN_COMMA = YES;
				CLANG_WARN_CONSTANT_CONVERSION = YES;
				CLANG_WARN_DEPRECATED_OBJC_IMPLEMENTATIONS = YES;
				CLANG_WARN_DIRECT_OBJC_ISA_USAGE = YES_ERROR;
				CLANG_WARN_DOCUMENTATION_COMMENTS = YES;
				CLANG_WARN_EMPTY_BODY = YES;
				CLANG_WARN_ENUM_CONVERSION = YES;
				CLANG_WARN_INFINITE_RECURSION = YES;
				CLANG_WARN_INT_CONVERSION = YES;
				CLANG_WARN_NON_LITERAL_NULL_CONVERSION = YES;
				CLANG_WARN_OBJC_IMPLICIT_RETAIN_SELF = YES;
				CLANG_WARN_OBJC_LITERAL_CONVERSION = YES;
				CLANG_WARN_OBJC_ROOT_CLASS = YES_ERROR;
				CLANG_WARN_QUOTED_INCLUDE_IN_FRAMEWORK_HEADER = YES;
				CLANG_WARN_RANGE_LOOP_ANALYSIS = YES;
				CLANG_WARN_STRICT_PROTOTYPES = YES;
				CLANG_WARN_SUSPICIOUS_MOVE = YES;
				CLANG_WARN_UNGUARDED_AVAILABILITY = YES_AGGRESSIVE;
				CLANG_WARN_UNREACHABLE_CODE = YES;
				CLANG_WARN__DUPLICATE_METHOD_MATCH = YES;
				COPY_PHASE_STRIP = NO;
				DEBUG_INFORMATION_FORMAT = "dwarf-with-dsym";
				ENABLE_NS_ASSERTIONS = NO;
				ENABLE_STRICT_OBJC_MSGSEND = YES;
				GCC_C_LANGUAGE_STANDARD = gnu11;
				GCC_NO_COMMON_BLOCKS = YES;
				GCC_WARN_64_TO_32_BIT_CONVERSION = YES;
				GCC_WARN_ABOUT_RETURN_TYPE = YES_ERROR;
				GCC_WARN_UNDECLARED_SELECTOR = YES;
				GCC_WARN_UNINITIALIZED_AUTOS = YES_AGGRESSIVE;
				GCC_WARN_UNUSED_FUNCTION = YES;
				GCC_WARN_UNUSED_VARIABLE = YES;
				IPHONEOS_DEPLOYMENT_TARGET = 14.3;
				MTL_ENABLE_DEBUG_INFO = NO;
				MTL_FAST_MATH = YES;
				SDKROOT = iphoneos;
				VALIDATE_PRODUCT = YES;
			};
			name = Release;
		};
		F7D9DEAE25970CE00033EF76 /* Debug */ = {
			isa = XCBuildConfiguration;
			buildSettings = {
				ASSETCATALOG_COMPILER_APPICON_NAME = AppIcon;
				ASSETCATALOG_COMPILER_GLOBAL_ACCENT_COLOR_NAME = AccentColor;
				CODE_SIGN_STYLE = Automatic;
				GCC_PRECOMPILE_PREFIX_HEADER = YES;
				GCC_PREFIX_HEADER = "${SRCROOT}/YLRouterMainApp/PrefixHeader.pch";
				INFOPLIST_FILE = YLRouterMainApp/Info.plist;
				IPHONEOS_DEPLOYMENT_TARGET = 10.0;
				LD_RUNPATH_SEARCH_PATHS = (
					"$(inherited)",
					"@executable_path/Frameworks",
				);
				PRODUCT_BUNDLE_IDENTIFIER = a.YLRouterMainApp;
				PRODUCT_NAME = "$(TARGET_NAME)";
				TARGETED_DEVICE_FAMILY = "1,2";
			};
			name = Debug;
		};
		F7D9DEAF25970CE00033EF76 /* Release */ = {
			isa = XCBuildConfiguration;
			buildSettings = {
				ASSETCATALOG_COMPILER_APPICON_NAME = AppIcon;
				ASSETCATALOG_COMPILER_GLOBAL_ACCENT_COLOR_NAME = AccentColor;
				CODE_SIGN_STYLE = Automatic;
				GCC_PRECOMPILE_PREFIX_HEADER = YES;
				GCC_PREFIX_HEADER = "${SRCROOT}/YLRouterMainApp/PrefixHeader.pch";
				INFOPLIST_FILE = YLRouterMainApp/Info.plist;
				IPHONEOS_DEPLOYMENT_TARGET = 10.0;
				LD_RUNPATH_SEARCH_PATHS = (
					"$(inherited)",
					"@executable_path/Frameworks",
				);
				PRODUCT_BUNDLE_IDENTIFIER = a.YLRouterMainApp;
				PRODUCT_NAME = "$(TARGET_NAME)";
				TARGETED_DEVICE_FAMILY = "1,2";
			};
			name = Release;
		};
/* End XCBuildConfiguration section */

/* Begin XCConfigurationList section */
		F7D9DE8F25970CDC0033EF76 /* Build configuration list for PBXProject "YLRouterMainApp" */ = {
			isa = XCConfigurationList;
			buildConfigurations = (
				F7D9DEAB25970CE00033EF76 /* Debug */,
				F7D9DEAC25970CE00033EF76 /* Release */,
			);
			defaultConfigurationIsVisible = 0;
			defaultConfigurationName = Release;
		};
		F7D9DEAD25970CE00033EF76 /* Build configuration list for PBXNativeTarget "YLRouterMainApp" */ = {
			isa = XCConfigurationList;
			buildConfigurations = (
				F7D9DEAE25970CE00033EF76 /* Debug */,
				F7D9DEAF25970CE00033EF76 /* Release */,
			);
			defaultConfigurationIsVisible = 0;
			defaultConfigurationName = Release;
		};
/* End XCConfigurationList section */
	};
	rootObject = F7D9DE8C25970CDC0033EF76 /* Project object */;
}
